
Microsoft Visual Studio Solution File, Format Version 12.00
# Visual Studio Version 17
VisualStudioVersion = 17.5.002.0
MinimumVisualStudioVersion = 10.0.40219.1
Project("{9A19103F-16F7-4668-BE54-9A1E7A4F7556}") = "GameLibrary", "GameLibrary\GameLibrary.csproj", "{013F161F-B4B9-4C58-B1CA-156AC81EBB56}"
EndProject
Project("{9A19103F-16F7-4668-BE54-9A1E7A4F7556}") = "GameLibrary.UnitTests", "GameLibrary.UnitTests\GameLibrary.UnitTests.csproj", "{1127399F-FB78-4823-A03A-E1B5D5607CD5}"
EndProject
Global
	GlobalSection(SolutionConfigurationPlatforms) = preSolution
		Debug|Any CPU = Debug|Any CPU
		Release|Any CPU = Release|Any CPU
	EndGlobalSection
	GlobalSection(ProjectConfigurationPlatforms) = postSolution
		{013F161F-B4B9-4C58-B1CA-156AC81EBB56}.Debug|Any CPU.ActiveCfg = Debug|Any CPU
		{013F161F-B4B9-4C58-B1CA-156AC81EBB56}.Debug|Any CPU.Build.0 = Debug|Any CPU
		{013F161F-B4B9-4C58-B1CA-156AC81EBB56}.Release|Any CPU.ActiveCfg = Release|Any CPU
		{013F161F-B4B9-4C58-B1CA-156AC81EBB56}.Release|Any CPU.Build.0 = Release|Any CPU
		{1127399F-FB78-4823-A03A-E1B5D5607CD5}.Debug|Any CPU.ActiveCfg = Debug|Any CPU
		{1127399F-FB78-4823-A03A-E1B5D5607CD5}.Debug|Any CPU.Build.0 = Debug|Any CPU
		{1127399F-FB78-4823-A03A-E1B5D5607CD5}.Release|Any CPU.ActiveCfg = Release|Any CPU
		{1127399F-FB78-4823-A03A-E1B5D5607CD5}.Release|Any CPU.Build.0 = Release|Any CPU
	EndGlobalSection
	GlobalSection(SolutionProperties) = preSolution
		HideSolutionNode = FALSE
	EndGlobalSection
	GlobalSection(ExtensibilityGlobals) = postSolution
		SolutionGuid = {78F70066-1984-4634-98D6-6D6E05AE471C}
	EndGlobalSection
EndGlobal
